{
  "name": "djtools",
  "version": "1.0.0",
  "lockfileVersion": 1,
  "requires": true,
  "dependencies": {
    "@esri/arcgis-to-geojson-utils": {
      "version": "1.2.0",
      "resolved": "https://registry.npmjs.org/@esri/arcgis-to-geojson-utils/-/arcgis-to-geojson-utils-1.2.0.tgz",
      "integrity": "sha512-JvHNyTEtvHwaCYv/x5LfXu2g1JifdU+2GPF536lDuS6wwnL1oWQMXrVjhpL225p575VEJRl4ajefR5RhwYxM/g=="
    },
    "geojson2svg": {
      "version": "1.2.3",
      "resolved": "https://registry.npmjs.org/geojson2svg/-/geojson2svg-1.2.3.tgz",
      "integrity": "sha1-3CY4So+uwEcignLpf6/PU5wOE/M=",
      "requires": {
        "multigeojson": "0.0.1"
      }
    },
    "multigeojson": {
      "version": "0.0.1",
      "resolved": "https://registry.npmjs.org/multigeojson/-/multigeojson-0.0.1.tgz",
      "integrity": "sha1-8kBKgLbuWpZCq7F9sBqefxgJ7z4="
    }
  }
}
